
Microsoft Visual Studio Solution File, Format Version 12.00
# Visual Studio Version 16
VisualStudioVersion = 16.0.30717.126
MinimumVisualStudioVersion = 10.0.40219.1
Project("{FAE04EC0-301F-11D3-BF4B-00C04F79EFBC}") = "DAMSWeb", "DAMSWeb.csproj", "{B2F815FA-BF1B-4070-BE6D-D4F3A8074241}"
EndProject
Global
	GlobalSection(SolutionConfigurationPlatforms) = preSolution
		Debug|Any CPU = Debug|Any CPU
		Release|Any CPU = Release|Any CPU
	EndGlobalSection
	GlobalSection(ProjectConfigurationPlatforms) = postSolution
		{B2F815FA-BF1B-4070-BE6D-D4F3A8074241}.Debug|Any CPU.ActiveCfg = Debug|Any CPU
		{B2F815FA-BF1B-4070-BE6D-D4F3A8074241}.Debug|Any CPU.Build.0 = Debug|Any CPU
		{B2F815FA-BF1B-4070-BE6D-D4F3A8074241}.Release|Any CPU.ActiveCfg = Release|Any CPU
		{B2F815FA-BF1B-4070-BE6D-D4F3A8074241}.Release|Any CPU.Build.0 = Release|Any CPU
	EndGlobalSection
	GlobalSection(SolutionProperties) = preSolution
		HideSolutionNode = FALSE
	EndGlobalSection
	GlobalSection(ExtensibilityGlobals) = postSolution
		SolutionGuid = {3484A6AE-1914-49E8-B9E9-D3CC00A738D1}
	EndGlobalSection
EndGlobal
